// !$*UTF8*$!
{
	archiveVersion = 1;
	classes = {
	};
	objectVersion = 55;
	objects = {

/* Begin PBXBuildFile section */
		619E6B130176794CDDD5F7BB /* Pods_220725_TodoList.framework in Frameworks */ = {isa = PBXBuildFile; fileRef = E81E787C8C63ED1342BE4348 /* Pods_220725_TodoList.framework */; };
		8318FFC1288E89BE00501E82 /* AppDelegate.swift in Sources */ = {isa = PBXBuildFile; fileRef = 8318FFC0288E89BE00501E82 /* AppDelegate.swift */; };
		8318FFC3288E89BE00501E82 /* SceneDelegate.swift in Sources */ = {isa = PBXBuildFile; fileRef = 8318FFC2288E89BE00501E82 /* SceneDelegate.swift */; };
		8318FFC5288E89BE00501E82 /* ViewController.swift in Sources */ = {isa = PBXBuildFile; fileRef = 8318FFC4288E89BE00501E82 /* ViewController.swift */; };
		8318FFC8288E89BE00501E82 /* Main.storyboard in Resources */ = {isa = PBXBuildFile; fileRef = 8318FFC6288E89BE00501E82 /* Main.storyboard */; };
		8318FFCA288E89C000501E82 /* Assets.xcassets in Resources */ = {isa = PBXBuildFile; fileRef = 8318FFC9288E89C000501E82 /* Assets.xcassets */; };
		8318FFCD288E89C000501E82 /* LaunchScreen.storyboard in Resources */ = {isa = PBXBuildFile; fileRef = 8318FFCB288E89C000501E82 /* LaunchScreen.storyboard */; };
		8318FFD6288E945E00501E82 /* Date.swift in Sources */ = {isa = PBXBuildFile; fileRef = 8318FFD5288E945E00501E82 /* Date.swift */; };
		8318FFD8288E958200501E82 /* TableViewController.swift in Sources */ = {isa = PBXBuildFile; fileRef = 8318FFD7288E958200501E82 /* TableViewController.swift */; };
		8318FFDA288E9D3900501E82 /* TableViewCell.swift in Sources */ = {isa = PBXBuildFile; fileRef = 8318FFD9288E9D3900501E82 /* TableViewCell.swift */; };
/* End PBXBuildFile section */

/* Begin PBXFileReference section */
		5A41917E9E34A6842752FE20 /* Pods-220725_TodoList.debug.xcconfig */ = {isa = PBXFileReference; includeInIndex = 1; lastKnownFileType = text.xcconfig; name = "Pods-220725_TodoList.debug.xcconfig"; path = "Target Support Files/Pods-220725_TodoList/Pods-220725_TodoList.debug.xcconfig"; sourceTree = "<group>"; };
		8318FFBD288E89BE00501E82 /* 220725_TodoList.app */ = {isa = PBXFileReference; explicitFileType = wrapper.application; includeInIndex = 0; path = 220725_TodoList.app; sourceTree = BUILT_PRODUCTS_DIR; };
		8318FFC0288E89BE00501E82 /* AppDelegate.swift */ = {isa = PBXFileReference; lastKnownFileType = sourcecode.swift; path = AppDelegate.swift; sourceTree = "<group>"; };
		8318FFC2288E89BE00501E82 /* SceneDelegate.swift */ = {isa = PBXFileReference; lastKnownFileType = sourcecode.swift; path = SceneDelegate.swift; sourceTree = "<group>"; };
		8318FFC4288E89BE00501E82 /* ViewController.swift */ = {isa = PBXFileReference; lastKnownFileType = sourcecode.swift; path = ViewController.swift; sourceTree = "<group>"; };
		8318FFC7288E89BE00501E82 /* Base */ = {isa = PBXFileReference; lastKnownFileType = file.storyboard; name = Base; path = Base.lproj/Main.storyboard; sourceTree = "<group>"; };
		8318FFC9288E89C000501E82 /* Assets.xcassets */ = {isa = PBXFileReference; lastKnownFileType = folder.assetcatalog; path = Assets.xcassets; sourceTree = "<group>"; };
		8318FFCC288E89C000501E82 /* Base */ = {isa = PBXFileReference; lastKnownFileType = file.storyboard; name = Base; path = Base.lproj/LaunchScreen.storyboard; sourceTree = "<group>"; };
		8318FFCE288E89C000501E82 /* Info.plist */ = {isa = PBXFileReference; lastKnownFileType = text.plist.xml; path = Info.plist; sourceTree = "<group>"; };
		8318FFD5288E945E00501E82 /* Date.swift */ = {isa = PBXFileReference; fileEncoding = 4; lastKnownFileType = sourcecode.swift; path = Date.swift; sourceTree = "<group>"; };
		8318FFD7288E958200501E82 /* TableViewController.swift */ = {isa = PBXFileReference; lastKnownFileType = sourcecode.swift; path = TableViewController.swift; sourceTree = "<group>"; };
		8318FFD9288E9D3900501E82 /* TableViewCell.swift */ = {isa = PBXFileReference; lastKnownFileType = sourcecode.swift; path = TableViewCell.swift; sourceTree = "<group>"; };
		CE205FCE6F187106BD4929E5 /* Pods-220725_TodoList.release.xcconfig */ = {isa = PBXFileReference; includeInIndex = 1; lastKnownFileType = text.xcconfig; name = "Pods-220725_TodoList.release.xcconfig"; path = "Target Support Files/Pods-220725_TodoList/Pods-220725_TodoList.release.xcconfig"; sourceTree = "<group>"; };
		E81E787C8C63ED1342BE4348 /* Pods_220725_TodoList.framework */ = {isa = PBXFileReference; explicitFileType = wrapper.framework; includeInIndex = 0; path = Pods_220725_TodoList.framework; sourceTree = BUILT_PRODUCTS_DIR; };
/* End PBXFileReference section */

/* Begin PBXFrameworksBuildPhase section */
		8318FFBA288E89BE00501E82 /* Frameworks */ = {
			isa = PBXFrameworksBuildPhase;
			buildActionMask = 2147483647;
			files = (
				619E6B130176794CDDD5F7BB /* Pods_220725_TodoList.framework in Frameworks */,
			);
			runOnlyForDeploymentPostprocessing = 0;
		};
/* End PBXFrameworksBuildPhase section */

/* Begin PBXGroup section */
		3C39DE26F979344589697951 /* Frameworks */ = {
			isa = PBXGroup;
			children = (
				E81E787C8C63ED1342BE4348 /* Pods_220725_TodoList.framework */,
			);
			name = Frameworks;
			sourceTree = "<group>";
		};
		8318FFB4288E89BE00501E82 = {
			isa = PBXGroup;
			children = (
				8318FFBF288E89BE00501E82 /* 220725_TodoList */,
				8318FFBE288E89BE00501E82 /* Products */,
				F6E6F3D43CC586D55F8A15B0 /* Pods */,
				3C39DE26F979344589697951 /* Frameworks */,
			);
			sourceTree = "<group>";
		};
		8318FFBE288E89BE00501E82 /* Products */ = {
			isa = PBXGroup;
			children = (
				8318FFBD288E89BE00501E82 /* 220725_TodoList.app */,
			);
			name = Products;
			sourceTree = "<group>";
		};
		8318FFBF288E89BE00501E82 /* 220725_TodoList */ = {
			isa = PBXGroup;
			children = (
				8318FFC0288E89BE00501E82 /* AppDelegate.swift */,
				8318FFC2288E89BE00501E82 /* SceneDelegate.swift */,
				8318FFC6288E89BE00501E82 /* Main.storyboard */,
				8318FFD5288E945E00501E82 /* Date.swift */,
				8318FFC4288E89BE00501E82 /* ViewController.swift */,
				8318FFD7288E958200501E82 /* TableViewController.swift */,
				8318FFD9288E9D3900501E82 /* TableViewCell.swift */,
				8318FFC9288E89C000501E82 /* Assets.xcassets */,
				8318FFCB288E89C000501E82 /* LaunchScreen.storyboard */,
				8318FFCE288E89C000501E82 /* Info.plist */,
			);
			path = 220725_TodoList;
			sourceTree = "<group>";
		};
		F6E6F3D43CC586D55F8A15B0 /* Pods */ = {
			isa = PBXGroup;
			children = (
				5A41917E9E34A6842752FE20 /* Pods-220725_TodoList.debug.xcconfig */,
				CE205FCE6F187106BD4929E5 /* Pods-220725_TodoList.release.xcconfig */,
			);
			path = Pods;
			sourceTree = "<group>";
		};
/* End PBXGroup section */

/* Begin PBXNativeTarget section */
		8318FFBC288E89BE00501E82 /* 220725_TodoList */ = {
			isa = PBXNativeTarget;
			buildConfigurationList = 8318FFD1288E89C000501E82 /* Build configuration list for PBXNativeTarget "220725_TodoList" */;
			buildPhases = (
				DCF97BD75789C55E6824A9CF /* [CP] Check Pods Manifest.lock */,
				8318FFB9288E89BE00501E82 /* Sources */,
				8318FFBA288E89BE00501E82 /* Frameworks */,
				8318FFBB288E89BE00501E82 /* Resources */,
				616CABB6A7C46168DC4641AD /* [CP] Embed Pods Frameworks */,
			);
			buildRules = (
			);
			dependencies = (
			);
			name = 220725_TodoList;
			productName = 220725_TodoList;
			productReference = 8318FFBD288E89BE00501E82 /* 220725_TodoList.app */;
			productType = "com.apple.product-type.application";
		};
/* End PBXNativeTarget section */

/* Begin PBXProject section */
		8318FFB5288E89BE00501E82 /* Project object */ = {
			isa = PBXProject;
			attributes = {
				BuildIndependentTargetsInParallel = 1;
				LastSwiftUpdateCheck = 1340;
				LastUpgradeCheck = 1340;
				TargetAttributes = {
					8318FFBC288E89BE00501E82 = {
						CreatedOnToolsVersion = 13.4.1;
					};
				};
			};
			buildConfigurationList = 8318FFB8288E89BE00501E82 /* Build configuration list for PBXProject "220725_TodoList" */;
			compatibilityVersion = "Xcode 13.0";
			developmentRegion = en;
			hasScannedForEncodings = 0;
			knownRegions = (
				en,
				Base,
			);
			mainGroup = 8318FFB4288E89BE00501E82;
			productRefGroup = 8318FFBE288E89BE00501E82 /* Products */;
			projectDirPath = "";
			projectRoot = "";
			targets = (
				8318FFBC288E89BE00501E82 /* 220725_TodoList */,
			);
		};
/* End PBXProject section */

/* Begin PBXResourcesBuildPhase section */
		8318FFBB288E89BE00501E82 /* Resources */ = {
			isa = PBXResourcesBuildPhase;
			buildActionMask = 2147483647;
			files = (
				8318FFCD288E89C000501E82 /* LaunchScreen.storyboard in Resources */,
				8318FFCA288E89C000501E82 /* Assets.xcassets in Resources */,
				8318FFC8288E89BE00501E82 /* Main.storyboard in Resources */,
			);
			runOnlyForDeploymentPostprocessing = 0;
		};
/* End PBXResourcesBuildPhase section */

/* Begin PBXShellScriptBuildPhase section */
		616CABB6A7C46168DC4641AD /* [CP] Embed Pods Frameworks */ = {
			isa = PBXShellScriptBuildPhase;
			buildActionMask = 2147483647;
			files = (
			);
			inputFileListPaths = (
				"${PODS_ROOT}/Target Support Files/Pods-220725_TodoList/Pods-220725_TodoList-frameworks-${CONFIGURATION}-input-files.xcfilelist",
			);
			name = "[CP] Embed Pods Frameworks";
			outputFileListPaths = (
				"${PODS_ROOT}/Target Support Files/Pods-220725_TodoList/Pods-220725_TodoList-frameworks-${CONFIGURATION}-output-files.xcfilelist",
			);
			runOnlyForDeploymentPostprocessing = 0;
			shellPath = /bin/sh;
			shellScript = "\"${PODS_ROOT}/Target Support Files/Pods-220725_TodoList/Pods-220725_TodoList-frameworks.sh\"\n";
			showEnvVarsInLog = 0;
		};
		DCF97BD75789C55E6824A9CF /* [CP] Check Pods Manifest.lock */ = {
			isa = PBXShellScriptBuildPhase;
			buildActionMask = 2147483647;
			files = (
			);
			inputFileListPaths = (
			);
			inputPaths = (
				"${PODS_PODFILE_DIR_PATH}/Podfile.lock",
				"${PODS_ROOT}/Manifest.lock",
			);
			name = "[CP] Check Pods Manifest.lock";
			outputFileListPaths = (
			);
			outputPaths = (
				"$(DERIVED_FILE_DIR)/Pods-220725_TodoList-checkManifestLockResult.txt",
			);
			runOnlyForDeploymentPostprocessing = 0;
			shellPath = /bin/sh;
			shellScript = "diff \"${PODS_PODFILE_DIR_PATH}/Podfile.lock\" \"${PODS_ROOT}/Manifest.lock\" > /dev/null\nif [ $? != 0 ] ; then\n    # print error to STDERR\n    echo \"error: The sandbox is not in sync with the Podfile.lock. Run 'pod install' or update your CocoaPods installation.\" >&2\n    exit 1\nfi\n# This output is used by Xcode 'outputs' to avoid re-running this script phase.\necho \"SUCCESS\" > \"${SCRIPT_OUTPUT_FILE_0}\"\n";
			showEnvVarsInLog = 0;
		};
/* End PBXShellScriptBuildPhase section */

/* Begin PBXSourcesBuildPhase section */
		8318FFB9288E89BE00501E82 /* Sources */ = {
			isa = PBXSourcesBuildPhase;
			buildActionMask = 2147483647;
			files = (
				8318FFC5288E89BE00501E82 /* ViewController.swift in Sources */,
				8318FFC1288E89BE00501E82 /* AppDelegate.swift in Sources */,
				8318FFC3288E89BE00501E82 /* SceneDelegate.swift in Sources */,
				8318FFDA288E9D3900501E82 /* TableViewCell.swift in Sources */,
				8318FFD8288E958200501E82 /* TableViewController.swift in Sources */,
				8318FFD6288E945E00501E82 /* Date.swift in Sources */,
			);
			runOnlyForDeploymentPostprocessing = 0;
		};
/* End PBXSourcesBuildPhase section */

/* Begin PBXVariantGroup section */
		8318FFC6288E89BE00501E82 /* Main.storyboard */ = {
			isa = PBXVariantGroup;
			children = (
				8318FFC7288E89BE00501E82 /* Base */,
			);
			name = Main.storyboard;
			sourceTree = "<group>";
		};
		8318FFCB288E89C000501E82 /* LaunchScreen.storyboard */ = {
			isa = PBXVariantGroup;
			children = (
				8318FFCC288E89C000501E82 /* Base */,
			);
			name = LaunchScreen.storyboard;
			sourceTree = "<group>";
		};
/* End PBXVariantGroup section */

/* Begin XCBuildConfiguration section */
		8318FFCF288E89C000501E82 /* Debug */ = {
			isa = XCBuildConfiguration;
			buildSettings = {
				ALWAYS_SEARCH_USER_PATHS = NO;
				CLANG_ANALYZER_NONNULL = YES;
				CLANG_ANALYZER_NUMBER_OBJECT_CONVERSION = YES_AGGRESSIVE;
				CLANG_CXX_LANGUAGE_STANDARD = "gnu++17";
				CLANG_ENABLE_MODULES = YES;
				CLANG_ENABLE_OBJC_ARC = YES;
				CLANG_ENABLE_OBJC_WEAK = YES;
				CLANG_WARN_BLOCK_CAPTURE_AUTORELEASING = YES;
				CLANG_WARN_BOOL_CONVERSION = YES;
				CLANG_WARN_COMMA = YES;
				CLANG_WARN_CONSTANT_CONVERSION = YES;
				CLANG_WARN_DEPRECATED_OBJC_IMPLEMENTATIONS = YES;
				CLANG_WARN_DIRECT_OBJC_ISA_USAGE = YES_ERROR;
				CLANG_WARN_DOCUMENTATION_COMMENTS = YES;
				CLANG_WARN_EMPTY_BODY = YES;
				CLANG_WARN_ENUM_CONVERSION = YES;
				CLANG_WARN_INFINITE_RECURSION = YES;
				CLANG_WARN_INT_CONVERSION = YES;
				CLANG_WARN_NON_LITERAL_NULL_CONVERSION = YES;
				CLANG_WARN_OBJC_IMPLICIT_RETAIN_SELF = YES;
				CLANG_WARN_OBJC_LITERAL_CONVERSION = YES;
				CLANG_WARN_OBJC_ROOT_CLASS = YES_ERROR;
				CLANG_WARN_QUOTED_INCLUDE_IN_FRAMEWORK_HEADER = YES;
				CLANG_WARN_RANGE_LOOP_ANALYSIS = YES;
				CLANG_WARN_STRICT_PROTOTYPES = YES;
				CLANG_WARN_SUSPICIOUS_MOVE = YES;
				CLANG_WARN_UNGUARDED_AVAILABILITY = YES_AGGRESSIVE;
				CLANG_WARN_UNREACHABLE_CODE = YES;
				CLANG_WARN__DUPLICATE_METHOD_MATCH = YES;
				COPY_PHASE_STRIP = NO;
				DEBUG_INFORMATION_FORMAT = dwarf;
				ENABLE_STRICT_OBJC_MSGSEND = YES;
				ENABLE_TESTABILITY = YES;
				GCC_C_LANGUAGE_STANDARD = gnu11;
				GCC_DYNAMIC_NO_PIC = NO;
				GCC_NO_COMMON_BLOCKS = YES;
				GCC_OPTIMIZATION_LEVEL = 0;
				GCC_PREPROCESSOR_DEFINITIONS = (
					"DEBUG=1",
					"$(inherited)",
				);
				GCC_WARN_64_TO_32_BIT_CONVERSION = YES;
				GCC_WARN_ABOUT_RETURN_TYPE = YES_ERROR;
				GCC_WARN_UNDECLARED_SELECTOR = YES;
				GCC_WARN_UNINITIALIZED_AUTOS = YES_AGGRESSIVE;
				GCC_WARN_UNUSED_FUNCTION = YES;
				GCC_WARN_UNUSED_VARIABLE = YES;
				IPHONEOS_DEPLOYMENT_TARGET = 15.5;
				MTL_ENABLE_DEBUG_INFO = INCLUDE_SOURCE;
				MTL_FAST_MATH = YES;
				ONLY_ACTIVE_ARCH = YES;
				SDKROOT = iphoneos;
				SWIFT_ACTIVE_COMPILATION_CONDITIONS = DEBUG;
				SWIFT_OPTIMIZATION_LEVEL = "-Onone";
			};
			name = Debug;
		};
		8318FFD0288E89C000501E82 /* Release */ = {
			isa = XCBuildConfiguration;
			buildSettings = {
				ALWAYS_SEARCH_USER_PATHS = NO;
				CLANG_ANALYZER_NONNULL = YES;
				CLANG_ANALYZER_NUMBER_OBJECT_CONVERSION = YES_AGGRESSIVE;
				CLANG_CXX_LANGUAGE_STANDARD = "gnu++17";
				CLANG_ENABLE_MODULES = YES;
				CLANG_ENABLE_OBJC_ARC = YES;
				CLANG_ENABLE_OBJC_WEAK = YES;
				CLANG_WARN_BLOCK_CAPTURE_AUTORELEASING = YES;
				CLANG_WARN_BOOL_CONVERSION = YES;
				CLANG_WARN_COMMA = YES;
				CLANG_WARN_CONSTANT_CONVERSION = YES;
				CLANG_WARN_DEPRECATED_OBJC_IMPLEMENTATIONS = YES;
				CLANG_WARN_DIRECT_OBJC_ISA_USAGE = YES_ERROR;
				CLANG_WARN_DOCUMENTATION_COMMENTS = YES;
				CLANG_WARN_EMPTY_BODY = YES;
				CLANG_WARN_ENUM_CONVERSION = YES;
				CLANG_WARN_INFINITE_RECURSION = YES;
				CLANG_WARN_INT_CONVERSION = YES;
				CLANG_WARN_NON_LITERAL_NULL_CONVERSION = YES;
				CLANG_WARN_OBJC_IMPLICIT_RETAIN_SELF = YES;
				CLANG_WARN_OBJC_LITERAL_CONVERSION = YES;
				CLANG_WARN_OBJC_ROOT_CLASS = YES_ERROR;
				CLANG_WARN_QUOTED_INCLUDE_IN_FRAMEWORK_HEADER = YES;
				CLANG_WARN_RANGE_LOOP_ANALYSIS = YES;
				CLANG_WARN_STRICT_PROTOTYPES = YES;
				CLANG_WARN_SUSPICIOUS_MOVE = YES;
				CLANG_WARN_UNGUARDED_AVAILABILITY = YES_AGGRESSIVE;
				CLANG_WARN_UNREACHABLE_CODE = YES;
				CLANG_WARN__DUPLICATE_METHOD_MATCH = YES;
				COPY_PHASE_STRIP = NO;
				DEBUG_INFORMATION_FORMAT = "dwarf-with-dsym";
				ENABLE_NS_ASSERTIONS = NO;
				ENABLE_STRICT_OBJC_MSGSEND = YES;
				GCC_C_LANGUAGE_STANDARD = gnu11;
				GCC_NO_COMMON_BLOCKS = YES;
				GCC_WARN_64_TO_32_BIT_CONVERSION = YES;
				GCC_WARN_ABOUT_RETURN_TYPE = YES_ERROR;
				GCC_WARN_UNDECLARED_SELECTOR = YES;
				GCC_WARN_UNINITIALIZED_AUTOS = YES_AGGRESSIVE;
				GCC_WARN_UNUSED_FUNCTION = YES;
				GCC_WARN_UNUSED_VARIABLE = YES;
				IPHONEOS_DEPLOYMENT_TARGET = 15.5;
				MTL_ENABLE_DEBUG_INFO = NO;
				MTL_FAST_MATH = YES;
				SDKROOT = iphoneos;
				SWIFT_COMPILATION_MODE = wholemodule;
				SWIFT_OPTIMIZATION_LEVEL = "-O";
				VALIDATE_PRODUCT = YES;
			};
			name = Release;
		};
		8318FFD2288E89C000501E82 /* Debug */ = {
			isa = XCBuildConfiguration;
			baseConfigurationReference = 5A41917E9E34A6842752FE20 /* Pods-220725_TodoList.debug.xcconfig */;
			buildSettings = {
				ASSETCATALOG_COMPILER_APPICON_NAME = AppIcon;
				ASSETCATALOG_COMPILER_GLOBAL_ACCENT_COLOR_NAME = AccentColor;
				CODE_SIGN_STYLE = Automatic;
				CURRENT_PROJECT_VERSION = 1;
				DEVELOPMENT_TEAM = BAX6K368WN;
				GENERATE_INFOPLIST_FILE = YES;
				INFOPLIST_FILE = 220725_TodoList/Info.plist;
				INFOPLIST_KEY_UIApplicationSupportsIndirectInputEvents = YES;
				INFOPLIST_KEY_UILaunchStoryboardName = LaunchScreen;
				INFOPLIST_KEY_UIMainStoryboardFile = Main;
				INFOPLIST_KEY_UISupportedInterfaceOrientations_iPad = "UIInterfaceOrientationPortrait UIInterfaceOrientationPortraitUpsideDown UIInterfaceOrientationLandscapeLeft UIInterfaceOrientationLandscapeRight";
				INFOPLIST_KEY_UISupportedInterfaceOrientations_iPhone = "UIInterfaceOrientationPortrait UIInterfaceOrientationLandscapeLeft UIInterfaceOrientationLandscapeRight";
				LD_RUNPATH_SEARCH_PATHS = (
					"$(inherited)",
					"@executable_path/Frameworks",
				);
				MARKETING_VERSION = 1.0;
				PRODUCT_BUNDLE_IDENTIFIER = "Yeonho-Choi.-20725-TodoList";
				PRODUCT_NAME = "$(TARGET_NAME)";
				SWIFT_EMIT_LOC_STRINGS = YES;
				SWIFT_VERSION = 5.0;
				TARGETED_DEVICE_FAMILY = "1,2";
			};
			name = Debug;
		};
		8318FFD3288E89C000501E82 /* Release */ = {
			isa = XCBuildConfiguration;
			baseConfigurationReference = CE205FCE6F187106BD4929E5 /* Pods-220725_TodoList.release.xcconfig */;
			buildSettings = {
				ASSETCATALOG_COMPILER_APPICON_NAME = AppIcon;
				ASSETCATALOG_COMPILER_GLOBAL_ACCENT_COLOR_NAME = AccentColor;
				CODE_SIGN_STYLE = Automatic;
				CURRENT_PROJECT_VERSION = 1;
				DEVELOPMENT_TEAM = BAX6K368WN;
				GENERATE_INFOPLIST_FILE = YES;
				INFOPLIST_FILE = 220725_TodoList/Info.plist;
				INFOPLIST_KEY_UIApplicationSupportsIndirectInputEvents = YES;
				INFOPLIST_KEY_UILaunchStoryboardName = LaunchScreen;
				INFOPLIST_KEY_UIMainStoryboardFile = Main;
				INFOPLIST_KEY_UISupportedInterfaceOrientations_iPad = "UIInterfaceOrientationPortrait UIInterfaceOrientationPortraitUpsideDown UIInterfaceOrientationLandscapeLeft UIInterfaceOrientationLandscapeRight";
				INFOPLIST_KEY_UISupportedInterfaceOrientations_iPhone = "UIInterfaceOrientationPortrait UIInterfaceOrientationLandscapeLeft UIInterfaceOrientationLandscapeRight";
				LD_RUNPATH_SEARCH_PATHS = (
					"$(inherited)",
					"@executable_path/Frameworks",
				);
				MARKETING_VERSION = 1.0;
				PRODUCT_BUNDLE_IDENTIFIER = "Yeonho-Choi.-20725-TodoList";
				PRODUCT_NAME = "$(TARGET_NAME)";
				SWIFT_EMIT_LOC_STRINGS = YES;
				SWIFT_VERSION = 5.0;
				TARGETED_DEVICE_FAMILY = "1,2";
			};
			name = Release;
		};
/* End XCBuildConfiguration section */

/* Begin XCConfigurationList section */
		8318FFB8288E89BE00501E82 /* Build configuration list for PBXProject "220725_TodoList" */ = {
			isa = XCConfigurationList;
			buildConfigurations = (
				8318FFCF288E89C000501E82 /* Debug */,
				8318FFD0288E89C000501E82 /* Release */,
			);
			defaultConfigurationIsVisible = 0;
			defaultConfigurationName = Release;
		};
		8318FFD1288E89C000501E82 /* Build configuration list for PBXNativeTarget "220725_TodoList" */ = {
			isa = XCConfigurationList;
			buildConfigurations = (
				8318FFD2288E89C000501E82 /* Debug */,
				8318FFD3288E89C000501E82 /* Release */,
			);
			defaultConfigurationIsVisible = 0;
			defaultConfigurationName = Release;
		};
/* End XCConfigurationList section */
	};
	rootObject = 8318FFB5288E89BE00501E82 /* Project object */;
}
